// !$*UTF8*$!
{
	archiveVersion = 1;
	classes = {
	};
	objectVersion = 46;
	objects = {

/* Begin PBXBuildFile section */
		2F41233133A0019055D47A23 /* Pods_MySketchPadSwift.framework in Frameworks */ = {isa = PBXBuildFile; fileRef = 38B84C2D641A435DB74A0E61 /* Pods_MySketchPadSwift.framework */; };
		C780CAC01DDEAFCE00796CA7 /* FinalAlgView.swift in Sources */ = {isa = PBXBuildFile; fileRef = C780CABF1DDEAFCE00796CA7 /* FinalAlgView.swift */; };
		C7B721E51DD55A7600E6ACB9 /* AppDelegate.swift in Sources */ = {isa = PBXBuildFile; fileRef = C7B721E41DD55A7600E6ACB9 /* AppDelegate.swift */; };
		C7B721E71DD55A7600E6ACB9 /* ViewController.swift in Sources */ = {isa = PBXBuildFile; fileRef = C7B721E61DD55A7600E6ACB9 /* ViewController.swift */; };
		C7B721EA1DD55A7600E6ACB9 /* Main.storyboard in Resources */ = {isa = PBXBuildFile; fileRef = C7B721E81DD55A7600E6ACB9 /* Main.storyboard */; };
		C7B721ED1DD55A7600E6ACB9 /* MySketchPadSwift.xcdatamodeld in Sources */ = {isa = PBXBuildFile; fileRef = C7B721EB1DD55A7600E6ACB9 /* MySketchPadSwift.xcdatamodeld */; };
		C7B721EF1DD55A7600E6ACB9 /* Assets.xcassets in Resources */ = {isa = PBXBuildFile; fileRef = C7B721EE1DD55A7600E6ACB9 /* Assets.xcassets */; };
		C7B721F21DD55A7600E6ACB9 /* LaunchScreen.storyboard in Resources */ = {isa = PBXBuildFile; fileRef = C7B721F01DD55A7600E6ACB9 /* LaunchScreen.storyboard */; };
/* End PBXBuildFile section */

/* Begin PBXFileReference section */
		1287BFA66A87C5EB24AE2635 /* Pods-MySketchPadSwift.debug.xcconfig */ = {isa = PBXFileReference; includeInIndex = 1; lastKnownFileType = text.xcconfig; name = "Pods-MySketchPadSwift.debug.xcconfig"; path = "Pods/Target Support Files/Pods-MySketchPadSwift/Pods-MySketchPadSwift.debug.xcconfig"; sourceTree = "<group>"; };
		38B84C2D641A435DB74A0E61 /* Pods_MySketchPadSwift.framework */ = {isa = PBXFileReference; explicitFileType = wrapper.framework; includeInIndex = 0; path = Pods_MySketchPadSwift.framework; sourceTree = BUILT_PRODUCTS_DIR; };
		7C0C2D211539DE8C7E45306B /* Pods-MySketchPadSwift.release.xcconfig */ = {isa = PBXFileReference; includeInIndex = 1; lastKnownFileType = text.xcconfig; name = "Pods-MySketchPadSwift.release.xcconfig"; path = "Pods/Target Support Files/Pods-MySketchPadSwift/Pods-MySketchPadSwift.release.xcconfig"; sourceTree = "<group>"; };
		C780CABF1DDEAFCE00796CA7 /* FinalAlgView.swift */ = {isa = PBXFileReference; fileEncoding = 4; lastKnownFileType = sourcecode.swift; path = FinalAlgView.swift; sourceTree = "<group>"; };
		C7B721E11DD55A7600E6ACB9 /* MySketchPadSwift.app */ = {isa = PBXFileReference; explicitFileType = wrapper.application; includeInIndex = 0; path = MySketchPadSwift.app; sourceTree = BUILT_PRODUCTS_DIR; };
		C7B721E41DD55A7600E6ACB9 /* AppDelegate.swift */ = {isa = PBXFileReference; lastKnownFileType = sourcecode.swift; path = AppDelegate.swift; sourceTree = "<group>"; };
		C7B721E61DD55A7600E6ACB9 /* ViewController.swift */ = {isa = PBXFileReference; lastKnownFileType = sourcecode.swift; path = ViewController.swift; sourceTree = "<group>"; };
		C7B721E91DD55A7600E6ACB9 /* Base */ = {isa = PBXFileReference; lastKnownFileType = file.storyboard; name = Base; path = Base.lproj/Main.storyboard; sourceTree = "<group>"; };
		C7B721EC1DD55A7600E6ACB9 /* MySketchPadSwift.xcdatamodel */ = {isa = PBXFileReference; lastKnownFileType = wrapper.xcdatamodel; path = MySketchPadSwift.xcdatamodel; sourceTree = "<group>"; };
		C7B721EE1DD55A7600E6ACB9 /* Assets.xcassets */ = {isa = PBXFileReference; lastKnownFileType = folder.assetcatalog; path = Assets.xcassets; sourceTree = "<group>"; };
		C7B721F11DD55A7600E6ACB9 /* Base */ = {isa = PBXFileReference; lastKnownFileType = file.storyboard; name = Base; path = Base.lproj/LaunchScreen.storyboard; sourceTree = "<group>"; };
		C7B721F31DD55A7600E6ACB9 /* Info.plist */ = {isa = PBXFileReference; lastKnownFileType = text.plist.xml; path = Info.plist; sourceTree = "<group>"; };
/* End PBXFileReference section */

/* Begin PBXFrameworksBuildPhase section */
		C7B721DE1DD55A7600E6ACB9 /* Frameworks */ = {
			isa = PBXFrameworksBuildPhase;
			buildActionMask = 2147483647;
			files = (
				2F41233133A0019055D47A23 /* Pods_MySketchPadSwift.framework in Frameworks */,
			);
			runOnlyForDeploymentPostprocessing = 0;
		};
/* End PBXFrameworksBuildPhase section */

/* Begin PBXGroup section */
		13EAEE9662CF7A0E83716D36 /* Frameworks */ = {
			isa = PBXGroup;
			children = (
				38B84C2D641A435DB74A0E61 /* Pods_MySketchPadSwift.framework */,
			);
			name = Frameworks;
			sourceTree = "<group>";
		};
		45B6EEAC14D96067885F0F0E /* Pods */ = {
			isa = PBXGroup;
			children = (
				1287BFA66A87C5EB24AE2635 /* Pods-MySketchPadSwift.debug.xcconfig */,
				7C0C2D211539DE8C7E45306B /* Pods-MySketchPadSwift.release.xcconfig */,
			);
			name = Pods;
			sourceTree = "<group>";
		};
		C7B721D81DD55A7600E6ACB9 = {
			isa = PBXGroup;
			children = (
				C7B721E31DD55A7600E6ACB9 /* MySketchPadSwift */,
				C7B721E21DD55A7600E6ACB9 /* Products */,
				45B6EEAC14D96067885F0F0E /* Pods */,
				13EAEE9662CF7A0E83716D36 /* Frameworks */,
			);
			sourceTree = "<group>";
		};
		C7B721E21DD55A7600E6ACB9 /* Products */ = {
			isa = PBXGroup;
			children = (
				C7B721E11DD55A7600E6ACB9 /* MySketchPadSwift.app */,
			);
			name = Products;
			sourceTree = "<group>";
		};
		C7B721E31DD55A7600E6ACB9 /* MySketchPadSwift */ = {
			isa = PBXGroup;
			children = (
				C7B721E41DD55A7600E6ACB9 /* AppDelegate.swift */,
				C7B721E61DD55A7600E6ACB9 /* ViewController.swift */,
				C7B721E81DD55A7600E6ACB9 /* Main.storyboard */,
				C7B721EE1DD55A7600E6ACB9 /* Assets.xcassets */,
				C7B721F01DD55A7600E6ACB9 /* LaunchScreen.storyboard */,
				C7B721F31DD55A7600E6ACB9 /* Info.plist */,
				C7B721EB1DD55A7600E6ACB9 /* MySketchPadSwift.xcdatamodeld */,
				C780CABF1DDEAFCE00796CA7 /* FinalAlgView.swift */,
			);
			path = MySketchPadSwift;
			sourceTree = "<group>";
		};
/* End PBXGroup section */

/* Begin PBXNativeTarget section */
		C7B721E01DD55A7600E6ACB9 /* MySketchPadSwift */ = {
			isa = PBXNativeTarget;
			buildConfigurationList = C7B721F61DD55A7600E6ACB9 /* Build configuration list for PBXNativeTarget "MySketchPadSwift" */;
			buildPhases = (
				576D6D2E20B50432CD2AC80A /* [CP] Check Pods Manifest.lock */,
				C7B721DD1DD55A7600E6ACB9 /* Sources */,
				C7B721DE1DD55A7600E6ACB9 /* Frameworks */,
				C7B721DF1DD55A7600E6ACB9 /* Resources */,
				85791DEAB8FC42A18490C136 /* [CP] Embed Pods Frameworks */,
				2FE902928718E7A36E219534 /* [CP] Copy Pods Resources */,
			);
			buildRules = (
			);
			dependencies = (
			);
			name = MySketchPadSwift;
			productName = MySketchPadSwift;
			productReference = C7B721E11DD55A7600E6ACB9 /* MySketchPadSwift.app */;
			productType = "com.apple.product-type.application";
		};
/* End PBXNativeTarget section */

/* Begin PBXProject section */
		C7B721D91DD55A7600E6ACB9 /* Project object */ = {
			isa = PBXProject;
			attributes = {
				LastSwiftUpdateCheck = 0810;
				LastUpgradeCheck = 0810;
				ORGANIZATIONNAME = "Le Tan Thang";
				TargetAttributes = {
					C7B721E01DD55A7600E6ACB9 = {
						CreatedOnToolsVersion = 8.1;
						DevelopmentTeam = N7956XYWZ3;
						ProvisioningStyle = Automatic;
					};
				};
			};
			buildConfigurationList = C7B721DC1DD55A7600E6ACB9 /* Build configuration list for PBXProject "MySketchPadSwift" */;
			compatibilityVersion = "Xcode 3.2";
			developmentRegion = English;
			hasScannedForEncodings = 0;
			knownRegions = (
				en,
				Base,
			);
			mainGroup = C7B721D81DD55A7600E6ACB9;
			productRefGroup = C7B721E21DD55A7600E6ACB9 /* Products */;
			projectDirPath = "";
			projectRoot = "";
			targets = (
				C7B721E01DD55A7600E6ACB9 /* MySketchPadSwift */,
			);
		};
/* End PBXProject section */

/* Begin PBXResourcesBuildPhase section */
		C7B721DF1DD55A7600E6ACB9 /* Resources */ = {
			isa = PBXResourcesBuildPhase;
			buildActionMask = 2147483647;
			files = (
				C7B721F21DD55A7600E6ACB9 /* LaunchScreen.storyboard in Resources */,
				C7B721EF1DD55A7600E6ACB9 /* Assets.xcassets in Resources */,
				C7B721EA1DD55A7600E6ACB9 /* Main.storyboard in Resources */,
			);
			runOnlyForDeploymentPostprocessing = 0;
		};
/* End PBXResourcesBuildPhase section */

/* Begin PBXShellScriptBuildPhase section */
		2FE902928718E7A36E219534 /* [CP] Copy Pods Resources */ = {
			isa = PBXShellScriptBuildPhase;
			buildActionMask = 2147483647;
			files = (
			);
			inputPaths = (
			);
			name = "[CP] Copy Pods Resources";
			outputPaths = (
			);
			runOnlyForDeploymentPostprocessing = 0;
			shellPath = /bin/sh;
			shellScript = "\"${SRCROOT}/Pods/Target Support Files/Pods-MySketchPadSwift/Pods-MySketchPadSwift-resources.sh\"\n";
			showEnvVarsInLog = 0;
		};
		576D6D2E20B50432CD2AC80A /* [CP] Check Pods Manifest.lock */ = {
			isa = PBXShellScriptBuildPhase;
			buildActionMask = 2147483647;
			files = (
			);
			inputPaths = (
			);
			name = "[CP] Check Pods Manifest.lock";
			outputPaths = (
			);
			runOnlyForDeploymentPostprocessing = 0;
			shellPath = /bin/sh;
			shellScript = "diff \"${PODS_ROOT}/../Podfile.lock\" \"${PODS_ROOT}/Manifest.lock\" > /dev/null\nif [ $? != 0 ] ; then\n    # print error to STDERR\n    echo \"error: The sandbox is not in sync with the Podfile.lock. Run 'pod install' or update your CocoaPods installation.\" >&2\n    exit 1\nfi\n";
			showEnvVarsInLog = 0;
		};
		85791DEAB8FC42A18490C136 /* [CP] Embed Pods Frameworks */ = {
			isa = PBXShellScriptBuildPhase;
			buildActionMask = 2147483647;
			files = (
			);
			inputPaths = (
			);
			name = "[CP] Embed Pods Frameworks";
			outputPaths = (
			);
			runOnlyForDeploymentPostprocessing = 0;
			shellPath = /bin/sh;
			shellScript = "\"${SRCROOT}/Pods/Target Support Files/Pods-MySketchPadSwift/Pods-MySketchPadSwift-frameworks.sh\"\n";
			showEnvVarsInLog = 0;
		};
/* End PBXShellScriptBuildPhase section */

/* Begin PBXSourcesBuildPhase section */
		C7B721DD1DD55A7600E6ACB9 /* Sources */ = {
			isa = PBXSourcesBuildPhase;
			buildActionMask = 2147483647;
			files = (
				C7B721E71DD55A7600E6ACB9 /* ViewController.swift in Sources */,
				C7B721E51DD55A7600E6ACB9 /* AppDelegate.swift in Sources */,
				C780CAC01DDEAFCE00796CA7 /* FinalAlgView.swift in Sources */,
				C7B721ED1DD55A7600E6ACB9 /* MySketchPadSwift.xcdatamodeld in Sources */,
			);
			runOnlyForDeploymentPostprocessing = 0;
		};
/* End PBXSourcesBuildPhase section */

/* Begin PBXVariantGroup section */
		C7B721E81DD55A7600E6ACB9 /* Main.storyboard */ = {
			isa = PBXVariantGroup;
			children = (
				C7B721E91DD55A7600E6ACB9 /* Base */,
			);
			name = Main.storyboard;
			sourceTree = "<group>";
		};
		C7B721F01DD55A7600E6ACB9 /* LaunchScreen.storyboard */ = {
			isa = PBXVariantGroup;
			children = (
				C7B721F11DD55A7600E6ACB9 /* Base */,
			);
			name = LaunchScreen.storyboard;
			sourceTree = "<group>";
		};
/* End PBXVariantGroup section */

/* Begin XCBuildConfiguration section */
		C7B721F41DD55A7600E6ACB9 /* Debug */ = {
			isa = XCBuildConfiguration;
			buildSettings = {
				ALWAYS_SEARCH_USER_PATHS = NO;
				CLANG_ANALYZER_NONNULL = YES;
				CLANG_CXX_LANGUAGE_STANDARD = "gnu++0x";
				CLANG_CXX_LIBRARY = "libc++";
				CLANG_ENABLE_MODULES = YES;
				CLANG_ENABLE_OBJC_ARC = YES;
				CLANG_WARN_BOOL_CONVERSION = YES;
				CLANG_WARN_CONSTANT_CONVERSION = YES;
				CLANG_WARN_DIRECT_OBJC_ISA_USAGE = YES_ERROR;
				CLANG_WARN_DOCUMENTATION_COMMENTS = YES;
				CLANG_WARN_EMPTY_BODY = YES;
				CLANG_WARN_ENUM_CONVERSION = YES;
				CLANG_WARN_INFINITE_RECURSION = YES;
				CLANG_WARN_INT_CONVERSION = YES;
				CLANG_WARN_OBJC_ROOT_CLASS = YES_ERROR;
				CLANG_WARN_SUSPICIOUS_MOVES = YES;
				CLANG_WARN_UNREACHABLE_CODE = YES;
				CLANG_WARN__DUPLICATE_METHOD_MATCH = YES;
				"CODE_SIGN_IDENTITY[sdk=iphoneos*]" = "iPhone Developer";
				COPY_PHASE_STRIP = NO;
				DEBUG_INFORMATION_FORMAT = dwarf;
				ENABLE_STRICT_OBJC_MSGSEND = YES;
				ENABLE_TESTABILITY = YES;
				GCC_C_LANGUAGE_STANDARD = gnu99;
				GCC_DYNAMIC_NO_PIC = NO;
				GCC_NO_COMMON_BLOCKS = YES;
				GCC_OPTIMIZATION_LEVEL = 0;
				GCC_PREPROCESSOR_DEFINITIONS = (
					"DEBUG=1",
					"$(inherited)",
				);
				GCC_WARN_64_TO_32_BIT_CONVERSION = YES;
				GCC_WARN_ABOUT_RETURN_TYPE = YES_ERROR;
				GCC_WARN_UNDECLARED_SELECTOR = YES;
				GCC_WARN_UNINITIALIZED_AUTOS = YES_AGGRESSIVE;
				GCC_WARN_UNUSED_FUNCTION = YES;
				GCC_WARN_UNUSED_VARIABLE = YES;
				IPHONEOS_DEPLOYMENT_TARGET = 10.1;
				MTL_ENABLE_DEBUG_INFO = YES;
				ONLY_ACTIVE_ARCH = YES;
				SDKROOT = iphoneos;
				SWIFT_ACTIVE_COMPILATION_CONDITIONS = DEBUG;
				SWIFT_OPTIMIZATION_LEVEL = "-Onone";
				TARGETED_DEVICE_FAMILY = "1,2";
			};
			name = Debug;
		};
		C7B721F51DD55A7600E6ACB9 /* Release */ = {
			isa = XCBuildConfiguration;
			buildSettings = {
				ALWAYS_SEARCH_USER_PATHS = NO;
				CLANG_ANALYZER_NONNULL = YES;
				CLANG_CXX_LANGUAGE_STANDARD = "gnu++0x";
				CLANG_CXX_LIBRARY = "libc++";
				CLANG_ENABLE_MODULES = YES;
				CLANG_ENABLE_OBJC_ARC = YES;
				CLANG_WARN_BOOL_CONVERSION = YES;
				CLANG_WARN_CONSTANT_CONVERSION = YES;
				CLANG_WARN_DIRECT_OBJC_ISA_USAGE = YES_ERROR;
				CLANG_WARN_DOCUMENTATION_COMMENTS = YES;
				CLANG_WARN_EMPTY_BODY = YES;
				CLANG_WARN_ENUM_CONVERSION = YES;
				CLANG_WARN_INFINITE_RECURSION = YES;
				CLANG_WARN_INT_CONVERSION = YES;
				CLANG_WARN_OBJC_ROOT_CLASS = YES_ERROR;
				CLANG_WARN_SUSPICIOUS_MOVES = YES;
				CLANG_WARN_UNREACHABLE_CODE = YES;
				CLANG_WARN__DUPLICATE_METHOD_MATCH = YES;
				"CODE_SIGN_IDENTITY[sdk=iphoneos*]" = "iPhone Developer";
				COPY_PHASE_STRIP = NO;
				DEBUG_INFORMATION_FORMAT = "dwarf-with-dsym";
				ENABLE_NS_ASSERTIONS = NO;
				ENABLE_STRICT_OBJC_MSGSEND = YES;
				GCC_C_LANGUAGE_STANDARD = gnu99;
				GCC_NO_COMMON_BLOCKS = YES;
				GCC_WARN_64_TO_32_BIT_CONVERSION = YES;
				GCC_WARN_ABOUT_RETURN_TYPE = YES_ERROR;
				GCC_WARN_UNDECLARED_SELECTOR = YES;
				GCC_WARN_UNINITIALIZED_AUTOS = YES_AGGRESSIVE;
				GCC_WARN_UNUSED_FUNCTION = YES;
				GCC_WARN_UNUSED_VARIABLE = YES;
				IPHONEOS_DEPLOYMENT_TARGET = 10.1;
				MTL_ENABLE_DEBUG_INFO = NO;
				SDKROOT = iphoneos;
				SWIFT_OPTIMIZATION_LEVEL = "-Owholemodule";
				TARGETED_DEVICE_FAMILY = "1,2";
				VALIDATE_PRODUCT = YES;
			};
			name = Release;
		};
		C7B721F71DD55A7600E6ACB9 /* Debug */ = {
			isa = XCBuildConfiguration;
			baseConfigurationReference = 1287BFA66A87C5EB24AE2635 /* Pods-MySketchPadSwift.debug.xcconfig */;
			buildSettings = {
				ASSETCATALOG_COMPILER_APPICON_NAME = AppIcon;
				DEVELOPMENT_TEAM = N7956XYWZ3;
				INFOPLIST_FILE = MySketchPadSwift/Info.plist;
				LD_RUNPATH_SEARCH_PATHS = "$(inherited) @executable_path/Frameworks";
				PRODUCT_BUNDLE_IDENTIFIER = com.thangproduct.MySketchPadSwift;
				PRODUCT_NAME = "$(TARGET_NAME)";
				SWIFT_VERSION = 3.0;
			};
			name = Debug;
		};
		C7B721F81DD55A7600E6ACB9 /* Release */ = {
			isa = XCBuildConfiguration;
			baseConfigurationReference = 7C0C2D211539DE8C7E45306B /* Pods-MySketchPadSwift.release.xcconfig */;
			buildSettings = {
				ASSETCATALOG_COMPILER_APPICON_NAME = AppIcon;
				DEVELOPMENT_TEAM = N7956XYWZ3;
				INFOPLIST_FILE = MySketchPadSwift/Info.plist;
				LD_RUNPATH_SEARCH_PATHS = "$(inherited) @executable_path/Frameworks";
				PRODUCT_BUNDLE_IDENTIFIER = com.thangproduct.MySketchPadSwift;
				PRODUCT_NAME = "$(TARGET_NAME)";
				SWIFT_VERSION = 3.0;
			};
			name = Release;
		};
/* End XCBuildConfiguration section */

/* Begin XCConfigurationList section */
		C7B721DC1DD55A7600E6ACB9 /* Build configuration list for PBXProject "MySketchPadSwift" */ = {
			isa = XCConfigurationList;
			buildConfigurations = (
				C7B721F41DD55A7600E6ACB9 /* Debug */,
				C7B721F51DD55A7600E6ACB9 /* Release */,
			);
			defaultConfigurationIsVisible = 0;
			defaultConfigurationName = Release;
		};
		C7B721F61DD55A7600E6ACB9 /* Build configuration list for PBXNativeTarget "MySketchPadSwift" */ = {
			isa = XCConfigurationList;
			buildConfigurations = (
				C7B721F71DD55A7600E6ACB9 /* Debug */,
				C7B721F81DD55A7600E6ACB9 /* Release */,
			);
			defaultConfigurationIsVisible = 0;
			defaultConfigurationName = Release;
		};
/* End XCConfigurationList section */

/* Begin XCVersionGroup section */
		C7B721EB1DD55A7600E6ACB9 /* MySketchPadSwift.xcdatamodeld */ = {
			isa = XCVersionGroup;
			children = (
				C7B721EC1DD55A7600E6ACB9 /* MySketchPadSwift.xcdatamodel */,
			);
			currentVersion = C7B721EC1DD55A7600E6ACB9 /* MySketchPadSwift.xcdatamodel */;
			path = MySketchPadSwift.xcdatamodeld;
			sourceTree = "<group>";
			versionGroupType = wrapper.xcdatamodel;
		};
/* End XCVersionGroup section */
	};
	rootObject = C7B721D91DD55A7600E6ACB9 /* Project object */;
}
